name: Reconcile web release dependency lock (temporary)
on:
  push:
    branches: [publish-free-tools-web-20261010]
permissions:
  contents: write
jobs:
  lock:
    runs-on: ubuntu-latest
    steps:
      - uses: actions/checkout@v4
        with:
          persist-credentials: true
      - uses: actions/setup-node@v4
        with:
          node-version: '22'
      - run: npm install --package-lock-only --no-audit --no-fund
      - name: Commit updated lock if needed
        run: |
          if ! git diff --quiet -- package-lock.json; then
            git config user.name "github-actions[bot]"
            git config user.email "41898282+github-actions[bot]@users.noreply.github.com"
            git add package-lock.json
            git commit -m "Update npm lock for free PDF and QR utilities"
            git push
          fi
